
Microsoft Visual Studio Solution File, Format Version 12.00
# Visual Studio Version 16
VisualStudioVersion = 16.0.29102.190
MinimumVisualStudioVersion = 10.0.40219.1
Project("{9A19103F-16F7-4668-BE54-9A1E7A4F7556}") = "BankOfDotNet.API", "API\BankOfDotNet.API\BankOfDotNet.API.csproj", "{6A33C384-EF25-43EB-9A20-47B23F6A700D}"
EndProject
Project("{9A19103F-16F7-4668-BE54-9A1E7A4F7556}") = "BankOfDotNet.IdentityServer", "BankOfDotNet.IdentityServer\BankOfDotNet.IdentityServer.csproj", "{060C82AF-D2BA-4DAC-9988-6A90EE3BE65A}"
EndProject
Project("{FAE04EC0-301F-11D3-BF4B-00C04F79EFBC}") = "BankOfDotNet.ConsoleClient", "BankOfDontNet.ConsoleClient\BankOfDotNet.ConsoleClient.csproj", "{49286B58-35ED-4423-9BA2-381C5B60703B}"
EndProject
Global
	GlobalSection(SolutionConfigurationPlatforms) = preSolution
		Debug|Any CPU = Debug|Any CPU
		Release|Any CPU = Release|Any CPU
	EndGlobalSection
	GlobalSection(ProjectConfigurationPlatforms) = postSolution
		{6A33C384-EF25-43EB-9A20-47B23F6A700D}.Debug|Any CPU.ActiveCfg = Debug|Any CPU
		{6A33C384-EF25-43EB-9A20-47B23F6A700D}.Debug|Any CPU.Build.0 = Debug|Any CPU
		{6A33C384-EF25-43EB-9A20-47B23F6A700D}.Release|Any CPU.ActiveCfg = Release|Any CPU
		{6A33C384-EF25-43EB-9A20-47B23F6A700D}.Release|Any CPU.Build.0 = Release|Any CPU
		{060C82AF-D2BA-4DAC-9988-6A90EE3BE65A}.Debug|Any CPU.ActiveCfg = Debug|Any CPU
		{060C82AF-D2BA-4DAC-9988-6A90EE3BE65A}.Debug|Any CPU.Build.0 = Debug|Any CPU
		{060C82AF-D2BA-4DAC-9988-6A90EE3BE65A}.Release|Any CPU.ActiveCfg = Release|Any CPU
		{060C82AF-D2BA-4DAC-9988-6A90EE3BE65A}.Release|Any CPU.Build.0 = Release|Any CPU
		{49286B58-35ED-4423-9BA2-381C5B60703B}.Debug|Any CPU.ActiveCfg = Debug|Any CPU
		{49286B58-35ED-4423-9BA2-381C5B60703B}.Debug|Any CPU.Build.0 = Debug|Any CPU
		{49286B58-35ED-4423-9BA2-381C5B60703B}.Release|Any CPU.ActiveCfg = Release|Any CPU
		{49286B58-35ED-4423-9BA2-381C5B60703B}.Release|Any CPU.Build.0 = Release|Any CPU
	EndGlobalSection
	GlobalSection(SolutionProperties) = preSolution
		HideSolutionNode = FALSE
	EndGlobalSection
	GlobalSection(ExtensibilityGlobals) = postSolution
		SolutionGuid = {09F63475-B667-4877-9D05-ADEF19B96D92}
	EndGlobalSection
EndGlobal
